lockfileVersion: 5.4

specifiers:
  '@huntersofbook/relay-cursor-paging': ^0.1.3
  graphql: ^16.6.0
  graphql-yoga: ^3.1.1
  tsx: ^3.12.1

dependencies:
  '@huntersofbook/relay-cursor-paging': 0.1.3_graphql@16.6.0
  graphql: 16.6.0
  graphql-yoga: 3.1.1_graphql@16.6.0
  tsx: 3.12.1

packages:

  /@envelop/core/3.0.4:
    resolution: {integrity: sha512-AybIZxQsDlFQTWHy6YtX/MSQPVuw+eOFtTW90JsHn6EbmcQnD6N3edQfSiTGjggPRHLoC0+0cuYXp2Ly2r3vrQ==}
    dependencies:
      '@envelop/types': 3.0.1
      tslib: 2.4.0
    dev: false

  /@envelop/parser-cache/5.0.4_a6sekiasy2tqr6d5gj7n2wtjli:
    resolution: {integrity: sha512-+kp6nzCVLYI2WQExQcE3FSy6n9ZGB5GYi+ntyjYdxaXU41U1f8RVwiLdyh0Ewn5D/s/zaLin09xkFKITVSAKDw==}
    peerDependencies:
      '@envelop/core': ^3.0.4
      graphql: ^14.0.0 || ^15.0.0 || ^16.0.0
    dependencies:
      '@envelop/core': 3.0.4
      graphql: 16.6.0
      lru-cache: 6.0.0
      tslib: 2.4.1
    dev: false

  /@envelop/types/3.0.1:
    resolution: {integrity: sha512-Ok62K1K+rlS+wQw77k8Pis8+1/h7+/9Wk5Fgcc2U6M5haEWsLFAHcHsk8rYlnJdEUl2Y3yJcCSOYbt1dyTaU5w==}
    dependencies:
      tslib: 2.4.1
    dev: false

  /@envelop/validation-cache/5.0.4_a6sekiasy2tqr6d5gj7n2wtjli:
    resolution: {integrity: sha512-7b4BWtNMxSdXspwzFN2qmkEaaHfmuDz60uMlVFaMN4nA1Vc5duAV7GQWfAKl56VoePU6UwQ0i49Dm/plJfwxIQ==}
    peerDependencies:
      '@envelop/core': ^3.0.4
      graphql: ^14.0.0 || ^15.0.0 || ^16.0.0
    dependencies:
      '@envelop/core': 3.0.4
      graphql: 16.6.0
      lru-cache: 6.0.0
      tslib: 2.4.1
    dev: false

  /@esbuild-kit/cjs-loader/2.4.1:
    resolution: {integrity: sha512-lhc/XLith28QdW0HpHZvZKkorWgmCNT7sVelMHDj3HFdTfdqkwEKvT+aXVQtNAmCC39VJhunDkWhONWB7335mg==}
    dependencies:
      '@esbuild-kit/core-utils': 3.0.0
      get-tsconfig: 4.2.0
    dev: false

  /@esbuild-kit/core-utils/3.0.0:
    resolution: {integrity: sha512-TXmwH9EFS3DC2sI2YJWJBgHGhlteK0Xyu1VabwetMULfm3oYhbrsWV5yaSr2NTWZIgDGVLHbRf0inxbjXqAcmQ==}
    dependencies:
      esbuild: 0.15.18
      source-map-support: 0.5.21
    dev: false

  /@esbuild-kit/esm-loader/2.5.4:
    resolution: {integrity: sha512-afmtLf6uqxD5IgwCzomtqCYIgz/sjHzCWZFvfS5+FzeYxOURPUo4QcHtqJxbxWOMOogKriZanN/1bJQE/ZL93A==}
    dependencies:
      '@esbuild-kit/core-utils': 3.0.0
      get-tsconfig: 4.2.0
    dev: false

  /@esbuild/android-arm/0.15.18:
    resolution: {integrity: sha512-5GT+kcs2WVGjVs7+boataCkO5Fg0y4kCjzkB5bAip7H4jfnOS3dA6KPiww9W1OEKTKeAcUVhdZGvgI65OXmUnw==}
    engines: {node: '>=12'}
    cpu: [arm]
    os: [android]
    requiresBuild: true
    dev: false
    optional: true

  /@esbuild/linux-loong64/0.15.18:
    resolution: {integrity: sha512-L4jVKS82XVhw2nvzLg/19ClLWg0y27ulRwuP7lcyL6AbUWB5aPglXY3M21mauDQMDfRLs8cQmeT03r/+X3cZYQ==}
    engines: {node: '>=12'}
    cpu: [loong64]
    os: [linux]
    requiresBuild: true
    dev: false
    optional: true

  /@graphql-tools/executor/0.0.9_graphql@16.6.0:
    resolution: {integrity: sha512-qLhQWXTxTS6gbL9INAQa4FJIqTd2tccnbs4HswOx35KnyLaLtREuQ8uTfU+5qMrRIBhuzpGdkP2ssqxLyOJ5rA==}
    peerDependencies:
      graphql: ^14.0.0 || ^15.0.0 || ^16.0.0 || ^17.0.0
    dependencies:
      '@graphql-tools/utils': 9.1.1_graphql@16.6.0
      '@graphql-typed-document-node/core': 3.1.1_graphql@16.6.0
      '@repeaterjs/repeater': 3.0.4
      graphql: 16.6.0
      tslib: 2.4.1
      value-or-promise: 1.0.11
    dev: false

  /@graphql-tools/merge/8.3.14_graphql@16.6.0:
    resolution: {integrity: sha512-zV0MU1DnxJLIB0wpL4N3u21agEiYFsjm6DI130jqHpwF0pR9HkF+Ni65BNfts4zQelP0GjkHltG+opaozAJ1NA==}
    peerDependencies:
      graphql: ^14.0.0 || ^15.0.0 || ^16.0.0 || ^17.0.0
    dependencies:
      '@graphql-tools/utils': 9.1.3_graphql@16.6.0
      graphql: 16.6.0
      tslib: 2.4.1
    dev: false

  /@graphql-tools/schema/9.0.12_graphql@16.6.0:
    resolution: {integrity: sha512-DmezcEltQai0V1y96nwm0Kg11FDS/INEFekD4nnVgzBqawvznWqK6D6bujn+cw6kivoIr3Uq//QmU/hBlBzUlQ==}
    peerDependencies:
      graphql: ^14.0.0 || ^15.0.0 || ^16.0.0 || ^17.0.0
    dependencies:
      '@graphql-tools/merge': 8.3.14_graphql@16.6.0
      '@graphql-tools/utils': 9.1.3_graphql@16.6.0
      graphql: 16.6.0
      tslib: 2.4.1
      value-or-promise: 1.0.11
    dev: false

  /@graphql-tools/utils/9.1.1_graphql@16.6.0:
    resolution: {integrity: sha512-DXKLIEDbihK24fktR2hwp/BNIVwULIHaSTNTNhXS+19vgT50eX9wndx1bPxGwHnVBOONcwjXy0roQac49vdt/w==}
    peerDependencies:
      graphql: ^14.0.0 || ^15.0.0 || ^16.0.0 || ^17.0.0
    dependencies:
      graphql: 16.6.0
      tslib: 2.4.1
    dev: false

  /@graphql-tools/utils/9.1.3_graphql@16.6.0:
    resolution: {integrity: sha512-bbJyKhs6awp1/OmP+WKA1GOyu9UbgZGkhIj5srmiMGLHohEOKMjW784Sk0BZil1w2x95UPu0WHw6/d/HVCACCg==}
    peerDependencies:
      graphql: ^14.0.0 || ^15.0.0 || ^16.0.0 || ^17.0.0
    dependencies:
      graphql: 16.6.0
      tslib: 2.4.1
    dev: false

  /@graphql-typed-document-node/core/3.1.1_graphql@16.6.0:
    resolution: {integrity: sha512-NQ17ii0rK1b34VZonlmT2QMJFI70m0TRwbknO/ihlbatXyaktDhN/98vBiUU6kNBPljqGqyIrl2T4nY2RpFANg==}
    peerDependencies:
      graphql: ^0.8.0 || ^0.9.0 || ^0.10.0 || ^0.11.0 || ^0.12.0 || ^0.13.0 || ^14.0.0 || ^15.0.0 || ^16.0.0
    dependencies:
      graphql: 16.6.0
    dev: false

  /@graphql-yoga/subscription/3.0.0:
    resolution: {integrity: sha512-Wy1m2fcCrSj2a/KbtlQUEJ8Go7M95jeUXEH1dqbS6T6wbReqQHqq5ecSUKNhL49Xziy2Sh6od8iWm7MBUIWAlQ==}
    dependencies:
      '@graphql-yoga/typed-event-target': 1.0.0
      '@repeaterjs/repeater': 3.0.4
      '@whatwg-node/events': 0.0.2
      tslib: 2.4.1
    dev: false

  /@graphql-yoga/typed-event-target/1.0.0:
    resolution: {integrity: sha512-Mqni6AEvl3VbpMtKw+TIjc9qS9a8hKhiAjFtqX488yq5oJtj9TkNlFTIacAVS3vnPiswNsmDiQqvwUOcJgi1DA==}
    dependencies:
      '@repeaterjs/repeater': 3.0.4
      tslib: 2.4.1
    dev: false

  /@huntersofbook/relay-cursor-paging/0.1.3_graphql@16.6.0:
    resolution: {integrity: sha512-4rvuTcHz68FhHd272YaS4l+z56hFJbJYWe1twRZPgSBIComtGZbYRawWkmzInYYOT2lSXlcSMfj03K57WYvZOg==}
    dependencies:
      graphql-relay: 0.10.0_graphql@16.6.0
    transitivePeerDependencies:
      - graphql
    dev: false

  /@peculiar/asn1-schema/2.3.3:
    resolution: {integrity: sha512-6GptMYDMyWBHTUKndHaDsRZUO/XMSgIns2krxcm2L7SEExRHwawFvSwNBhqNPR9HJwv3MruAiF1bhN0we6j6GQ==}
    dependencies:
      asn1js: 3.0.5
      pvtsutils: 1.3.2
      tslib: 2.4.1
    dev: false

  /@peculiar/json-schema/1.1.12:
    resolution: {integrity: sha512-coUfuoMeIB7B8/NMekxaDzLhaYmp0HZNPEjYRm9goRou8UZIC3z21s0sL9AWoCw4EG876QyO3kYrc61WNF9B/w==}
    engines: {node: '>=8.0.0'}
    dependencies:
      tslib: 2.4.1
    dev: false

  /@peculiar/webcrypto/1.4.1:
    resolution: {integrity: sha512-eK4C6WTNYxoI7JOabMoZICiyqRRtJB220bh0Mbj5RwRycleZf9BPyZoxsTvpP0FpmVS2aS13NKOuh5/tN3sIRw==}
    engines: {node: '>=10.12.0'}
    dependencies:
      '@peculiar/asn1-schema': 2.3.3
      '@peculiar/json-schema': 1.1.12
      pvtsutils: 1.3.2
      tslib: 2.4.1
      webcrypto-core: 1.7.5
    dev: false

  /@repeaterjs/repeater/3.0.4:
    resolution: {integrity: sha512-AW8PKd6iX3vAZ0vA43nOUOnbq/X5ihgU+mSXXqunMkeQADGiqw/PY0JNeYtD5sr0PAy51YPgAPbDoeapv9r8WA==}
    dev: false

  /@whatwg-node/events/0.0.2:
    resolution: {integrity: sha512-WKj/lI4QjnLuPrim0cfO7i+HsDSXHxNv1y0CrJhdntuO3hxWZmnXCwNDnwOvry11OjRin6cgWNF+j/9Pn8TN4w==}
    dev: false

  /@whatwg-node/fetch/0.5.3:
    resolution: {integrity: sha512-cuAKL3Z7lrJJuUrfF1wxkQTb24Qd1QO/lsjJpM5ZSZZzUMms5TPnbGeGUKWA3hVKNHh30lVfr2MyRCT5Jfkucw==}
    dependencies:
      '@peculiar/webcrypto': 1.4.1
      abort-controller: 3.0.0
      busboy: 1.6.0
      form-data-encoder: 1.7.2
      formdata-node: 4.4.1
      node-fetch: 2.6.7
      undici: 5.13.0
      web-streams-polyfill: 3.2.1
    transitivePeerDependencies:
      - encoding
    dev: false

  /@whatwg-node/server/0.4.17:
    resolution: {integrity: sha512-kq1AHyi87VWfiDqiSTAOY+py83HMJg42+fI8JAe1wjmMkJ8v/E5mKq5NpLNRM9Cnf7NHsQR0AwQgvX/RFuptaA==}
    peerDependencies:
      '@types/node': ^18.0.6
    dependencies:
      '@whatwg-node/fetch': 0.5.3
      tslib: 2.4.1
    transitivePeerDependencies:
      - encoding
    dev: false

  /abort-controller/3.0.0:
    resolution: {integrity: sha512-h8lQ8tacZYnR3vNQTgibj+tODHI5/+l06Au2Pcriv/Gmet0eaj4TwWH41sO9wnHDiQsEj19q0drzdWdeAHtweg==}
    engines: {node: '>=6.5'}
    dependencies:
      event-target-shim: 5.0.1
    dev: false

  /asn1js/3.0.5:
    resolution: {integrity: sha512-FVnvrKJwpt9LP2lAMl8qZswRNm3T4q9CON+bxldk2iwk3FFpuwhx2FfinyitizWHsVYyaY+y5JzDR0rCMV5yTQ==}
    engines: {node: '>=12.0.0'}
    dependencies:
      pvtsutils: 1.3.2
      pvutils: 1.1.3
      tslib: 2.4.1
    dev: false

  /buffer-from/1.1.2:
    resolution: {integrity: sha512-E+XQCRwSbaaiChtv6k6Dwgc+bx+Bs6vuKJHHl5kox/BaKbhiXzqQOwK4cO22yElGp2OCmjwVhT3HmxgyPGnJfQ==}
    dev: false

  /busboy/1.6.0:
    resolution: {integrity: sha512-8SFQbg/0hQ9xy3UNTB0YEnsNBbWfhf7RtnzpL7TkBiTBRfrQ9Fxcnz7VJsleJpyp6rVLvXiuORqjlHi5q+PYuA==}
    engines: {node: '>=10.16.0'}
    dependencies:
      streamsearch: 1.1.0
    dev: false

  /dset/3.1.2:
    resolution: {integrity: sha512-g/M9sqy3oHe477Ar4voQxWtaPIFw1jTdKZuomOjhCcBx9nHUNn0pu6NopuFFrTh/TRZIKEj+76vLWFu9BNKk+Q==}
    engines: {node: '>=4'}
    dev: false

  /esbuild-android-64/0.15.18:
    resolution: {integrity: sha512-wnpt3OXRhcjfIDSZu9bnzT4/TNTDsOUvip0foZOUBG7QbSt//w3QV4FInVJxNhKc/ErhUxc5z4QjHtMi7/TbgA==}
    engines: {node: '>=12'}
    cpu: [x64]
    os: [android]
    requiresBuild: true
    dev: false
    optional: true

  /esbuild-android-arm64/0.15.18:
    resolution: {integrity: sha512-G4xu89B8FCzav9XU8EjsXacCKSG2FT7wW9J6hOc18soEHJdtWu03L3TQDGf0geNxfLTtxENKBzMSq9LlbjS8OQ==}
    engines: {node: '>=12'}
    cpu: [arm64]
    os: [android]
    requiresBuild: true
    dev: false
    optional: true

  /esbuild-darwin-64/0.15.18:
    resolution: {integrity: sha512-2WAvs95uPnVJPuYKP0Eqx+Dl/jaYseZEUUT1sjg97TJa4oBtbAKnPnl3b5M9l51/nbx7+QAEtuummJZW0sBEmg==}
    engines: {node: '>=12'}
    cpu: [x64]
    os: [darwin]
    requiresBuild: true
    dev: false
    optional: true

  /esbuild-darwin-arm64/0.15.18:
    resolution: {integrity: sha512-tKPSxcTJ5OmNb1btVikATJ8NftlyNlc8BVNtyT/UAr62JFOhwHlnoPrhYWz09akBLHI9nElFVfWSTSRsrZiDUA==}
    engines: {node: '>=12'}
    cpu: [arm64]
    os: [darwin]
    requiresBuild: true
    dev: false
    optional: true

  /esbuild-freebsd-64/0.15.18:
    resolution: {integrity: sha512-TT3uBUxkteAjR1QbsmvSsjpKjOX6UkCstr8nMr+q7zi3NuZ1oIpa8U41Y8I8dJH2fJgdC3Dj3CXO5biLQpfdZA==}
    engines: {node: '>=12'}
    cpu: [x64]
    os: [freebsd]
    requiresBuild: true
    dev: false
    optional: true

  /esbuild-freebsd-arm64/0.15.18:
    resolution: {integrity: sha512-R/oVr+X3Tkh+S0+tL41wRMbdWtpWB8hEAMsOXDumSSa6qJR89U0S/PpLXrGF7Wk/JykfpWNokERUpCeHDl47wA==}
    engines: {node: '>=12'}
    cpu: [arm64]
    os: [freebsd]
    requiresBuild: true
    dev: false
    optional: true

  /esbuild-linux-32/0.15.18:
    resolution: {integrity: sha512-lphF3HiCSYtaa9p1DtXndiQEeQDKPl9eN/XNoBf2amEghugNuqXNZA/ZovthNE2aa4EN43WroO0B85xVSjYkbg==}
    engines: {node: '>=12'}
    cpu: [ia32]
    os: [linux]
    requiresBuild: true
    dev: false
    optional: true

  /esbuild-linux-64/0.15.18:
    resolution: {integrity: sha512-hNSeP97IviD7oxLKFuii5sDPJ+QHeiFTFLoLm7NZQligur8poNOWGIgpQ7Qf8Balb69hptMZzyOBIPtY09GZYw==}
    engines: {node: '>=12'}
    cpu: [x64]
    os: [linux]
    requiresBuild: true
    dev: false
    optional: true

  /esbuild-linux-arm/0.15.18:
    resolution: {integrity: sha512-UH779gstRblS4aoS2qpMl3wjg7U0j+ygu3GjIeTonCcN79ZvpPee12Qun3vcdxX+37O5LFxz39XeW2I9bybMVA==}
    engines: {node: '>=12'}
    cpu: [arm]
    os: [linux]
    requiresBuild: true
    dev: false
    optional: true

  /esbuild-linux-arm64/0.15.18:
    resolution: {integrity: sha512-54qr8kg/6ilcxd+0V3h9rjT4qmjc0CccMVWrjOEM/pEcUzt8X62HfBSeZfT2ECpM7104mk4yfQXkosY8Quptug==}
    engines: {node: '>=12'}
    cpu: [arm64]
    os: [linux]
    requiresBuild: true
    dev: false
    optional: true

  /esbuild-linux-mips64le/0.15.18:
    resolution: {integrity: sha512-Mk6Ppwzzz3YbMl/ZZL2P0q1tnYqh/trYZ1VfNP47C31yT0K8t9s7Z077QrDA/guU60tGNp2GOwCQnp+DYv7bxQ==}
    engines: {node: '>=12'}
    cpu: [mips64el]
    os: [linux]
    requiresBuild: true
    dev: false
    optional: true

  /esbuild-linux-ppc64le/0.15.18:
    resolution: {integrity: sha512-b0XkN4pL9WUulPTa/VKHx2wLCgvIAbgwABGnKMY19WhKZPT+8BxhZdqz6EgkqCLld7X5qiCY2F/bfpUUlnFZ9w==}
    engines: {node: '>=12'}
    cpu: [ppc64]
    os: [linux]
    requiresBuild: true
    dev: false
    optional: true

  /esbuild-linux-riscv64/0.15.18:
    resolution: {integrity: sha512-ba2COaoF5wL6VLZWn04k+ACZjZ6NYniMSQStodFKH/Pu6RxzQqzsmjR1t9QC89VYJxBeyVPTaHuBMCejl3O/xg==}
    engines: {node: '>=12'}
    cpu: [riscv64]
    os: [linux]
    requiresBuild: true
    dev: false
    optional: true

  /esbuild-linux-s390x/0.15.18:
    resolution: {integrity: sha512-VbpGuXEl5FCs1wDVp93O8UIzl3ZrglgnSQ+Hu79g7hZu6te6/YHgVJxCM2SqfIila0J3k0csfnf8VD2W7u2kzQ==}
    engines: {node: '>=12'}
    cpu: [s390x]
    os: [linux]
    requiresBuild: true
    dev: false
    optional: true

  /esbuild-netbsd-64/0.15.18:
    resolution: {integrity: sha512-98ukeCdvdX7wr1vUYQzKo4kQ0N2p27H7I11maINv73fVEXt2kyh4K4m9f35U1K43Xc2QGXlzAw0K9yoU7JUjOg==}
    engines: {node: '>=12'}
    cpu: [x64]
    os: [netbsd]
    requiresBuild: true
    dev: false
    optional: true

  /esbuild-openbsd-64/0.15.18:
    resolution: {integrity: sha512-yK5NCcH31Uae076AyQAXeJzt/vxIo9+omZRKj1pauhk3ITuADzuOx5N2fdHrAKPxN+zH3w96uFKlY7yIn490xQ==}
    engines: {node: '>=12'}
    cpu: [x64]
    os: [openbsd]
    requiresBuild: true
    dev: false
    optional: true

  /esbuild-sunos-64/0.15.18:
    resolution: {integrity: sha512-On22LLFlBeLNj/YF3FT+cXcyKPEI263nflYlAhz5crxtp3yRG1Ugfr7ITyxmCmjm4vbN/dGrb/B7w7U8yJR9yw==}
    engines: {node: '>=12'}
    cpu: [x64]
    os: [sunos]
    requiresBuild: true
    dev: false
    optional: true

  /esbuild-windows-32/0.15.18:
    resolution: {integrity: sha512-o+eyLu2MjVny/nt+E0uPnBxYuJHBvho8vWsC2lV61A7wwTWC3jkN2w36jtA+yv1UgYkHRihPuQsL23hsCYGcOQ==}
    engines: {node: '>=12'}
    cpu: [ia32]
    os: [win32]
    requiresBuild: true
    dev: false
    optional: true

  /esbuild-windows-64/0.15.18:
    resolution: {integrity: sha512-qinug1iTTaIIrCorAUjR0fcBk24fjzEedFYhhispP8Oc7SFvs+XeW3YpAKiKp8dRpizl4YYAhxMjlftAMJiaUw==}
    engines: {node: '>=12'}
    cpu: [x64]
    os: [win32]
    requiresBuild: true
    dev: false
    optional: true

  /esbuild-windows-arm64/0.15.18:
    resolution: {integrity: sha512-q9bsYzegpZcLziq0zgUi5KqGVtfhjxGbnksaBFYmWLxeV/S1fK4OLdq2DFYnXcLMjlZw2L0jLsk1eGoB522WXQ==}
    engines: {node: '>=12'}
    cpu: [arm64]
    os: [win32]
    requiresBuild: true
    dev: false
    optional: true

  /esbuild/0.15.18:
    resolution: {integrity: sha512-x/R72SmW3sSFRm5zrrIjAhCeQSAWoni3CmHEqfQrZIQTM3lVCdehdwuIqaOtfC2slvpdlLa62GYoN8SxT23m6Q==}
    engines: {node: '>=12'}
    hasBin: true
    requiresBuild: true
    optionalDependencies:
      '@esbuild/android-arm': 0.15.18
      '@esbuild/linux-loong64': 0.15.18
      esbuild-android-64: 0.15.18
      esbuild-android-arm64: 0.15.18
      esbuild-darwin-64: 0.15.18
      esbuild-darwin-arm64: 0.15.18
      esbuild-freebsd-64: 0.15.18
      esbuild-freebsd-arm64: 0.15.18
      esbuild-linux-32: 0.15.18
      esbuild-linux-64: 0.15.18
      esbuild-linux-arm: 0.15.18
      esbuild-linux-arm64: 0.15.18
      esbuild-linux-mips64le: 0.15.18
      esbuild-linux-ppc64le: 0.15.18
      esbuild-linux-riscv64: 0.15.18
      esbuild-linux-s390x: 0.15.18
      esbuild-netbsd-64: 0.15.18
      esbuild-openbsd-64: 0.15.18
      esbuild-sunos-64: 0.15.18
      esbuild-windows-32: 0.15.18
      esbuild-windows-64: 0.15.18
      esbuild-windows-arm64: 0.15.18
    dev: false

  /event-target-shim/5.0.1:
    resolution: {integrity: sha512-i/2XbnSz/uxRCU6+NdVJgKWDTM427+MqYbkQzD321DuCQJUqOuJKIA0IM2+W2xtYHdKOmZ4dR6fExsd4SXL+WQ==}
    engines: {node: '>=6'}
    dev: false

  /form-data-encoder/1.7.2:
    resolution: {integrity: sha512-qfqtYan3rxrnCk1VYaA4H+Ms9xdpPqvLZa6xmMgFvhO32x7/3J/ExcTd6qpxM0vH2GdMI+poehyBZvqfMTto8A==}
    dev: false

  /formdata-node/4.4.1:
    resolution: {integrity: sha512-0iirZp3uVDjVGt9p49aTaqjk84TrglENEDuqfdlZQ1roC9CWlPk6Avf8EEnZNcAqPonwkG35x4n3ww/1THYAeQ==}
    engines: {node: '>= 12.20'}
    dependencies:
      node-domexception: 1.0.0
      web-streams-polyfill: 4.0.0-beta.3
    dev: false

  /fsevents/2.3.2:
    resolution: {integrity: sha512-xiqMQR4xAeHTuB9uWm+fFRcIOgKBMiOBP+eXiyT7jsgVCq1bkVygt00oASowB7EdtpOHaaPgKt812P9ab+DDKA==}
    engines: {node: ^8.16.0 || ^10.6.0 || >=11.0.0}
    os: [darwin]
    requiresBuild: true
    dev: false
    optional: true

  /get-tsconfig/4.2.0:
    resolution: {integrity: sha512-X8u8fREiYOE6S8hLbq99PeykTDoLVnxvF4DjWKJmz9xy2nNRdUcV8ZN9tniJFeKyTU3qnC9lL8n4Chd6LmVKHg==}
    dev: false

  /graphql-relay/0.10.0_graphql@16.6.0:
    resolution: {integrity: sha512-44yBuw2/DLNEiMypbNZBt1yMDbBmyVPVesPywnteGGALiBmdyy1JP8jSg8ClLePg8ZZxk0O4BLhd1a6U/1jDOQ==}
    engines: {node: ^12.20.0 || ^14.15.0 || >= 15.9.0}
    peerDependencies:
      graphql: ^16.2.0
    dependencies:
      graphql: 16.6.0
    dev: false

  /graphql-yoga/3.1.1_graphql@16.6.0:
    resolution: {integrity: sha512-XgqQM1IurPPsO0HU00evqhiHIta8oghJ/1bSkHOPbTZeGELqb0VV/j7ureGHz5S+vCvNHulzW+YuIfaaph00iQ==}
    peerDependencies:
      graphql: ^15.2.0 || ^16.0.0
    dependencies:
      '@envelop/core': 3.0.4
      '@envelop/parser-cache': 5.0.4_a6sekiasy2tqr6d5gj7n2wtjli
      '@envelop/validation-cache': 5.0.4_a6sekiasy2tqr6d5gj7n2wtjli
      '@graphql-tools/executor': 0.0.9_graphql@16.6.0
      '@graphql-tools/schema': 9.0.12_graphql@16.6.0
      '@graphql-tools/utils': 9.1.3_graphql@16.6.0
      '@graphql-yoga/subscription': 3.0.0
      '@whatwg-node/fetch': 0.5.3
      '@whatwg-node/server': 0.4.17
      dset: 3.1.2
      graphql: 16.6.0
      tslib: 2.4.1
    transitivePeerDependencies:
      - '@types/node'
      - encoding
    dev: false

  /graphql/16.6.0:
    resolution: {integrity: sha512-KPIBPDlW7NxrbT/eh4qPXz5FiFdL5UbaA0XUNz2Rp3Z3hqBSkbj0GVjwFDztsWVauZUWsbKHgMg++sk8UX0bkw==}
    engines: {node: ^12.22.0 || ^14.16.0 || ^16.0.0 || >=17.0.0}
    dev: false

  /lru-cache/6.0.0:
    resolution: {integrity: sha512-Jo6dJ04CmSjuznwJSS3pUeWmd/H0ffTlkXXgwZi+eq1UCmqQwCh+eLsYOYCwY991i2Fah4h1BEMCx4qThGbsiA==}
    engines: {node: '>=10'}
    dependencies:
      yallist: 4.0.0
    dev: false

  /node-domexception/1.0.0:
    resolution: {integrity: sha512-/jKZoMpw0F8GRwl4/eLROPA3cfcXtLApP0QzLmUT/HuPCZWyB7IY9ZrMeKw2O/nFIqPQB3PVM9aYm0F312AXDQ==}
    engines: {node: '>=10.5.0'}
    dev: false

  /node-fetch/2.6.7:
    resolution: {integrity: sha512-ZjMPFEfVx5j+y2yF35Kzx5sF7kDzxuDj6ziH4FFbOp87zKDZNx8yExJIb05OGF4Nlt9IHFIMBkRl41VdvcNdbQ==}
    engines: {node: 4.x || >=6.0.0}
    peerDependencies:
      encoding: ^0.1.0
    peerDependenciesMeta:
      encoding:
        optional: true
    dependencies:
      whatwg-url: 5.0.0
    dev: false

  /pvtsutils/1.3.2:
    resolution: {integrity: sha512-+Ipe2iNUyrZz+8K/2IOo+kKikdtfhRKzNpQbruF2URmqPtoqAs8g3xS7TJvFF2GcPXjh7DkqMnpVveRFq4PgEQ==}
    dependencies:
      tslib: 2.4.1
    dev: false

  /pvutils/1.1.3:
    resolution: {integrity: sha512-pMpnA0qRdFp32b1sJl1wOJNxZLQ2cbQx+k6tjNtZ8CpvVhNqEPRgivZ2WOUev2YMajecdH7ctUPDvEe87nariQ==}
    engines: {node: '>=6.0.0'}
    dev: false

  /source-map-support/0.5.21:
    resolution: {integrity: sha512-uBHU3L3czsIyYXKX88fdrGovxdSCoTGDRZ6SYXtSRxLZUzHg5P/66Ht6uoUlHu9EZod+inXhKo3qQgwXUT/y1w==}
    dependencies:
      buffer-from: 1.1.2
      source-map: 0.6.1
    dev: false

  /source-map/0.6.1:
    resolution: {integrity: sha512-UjgapumWlbMhkBgzT7Ykc5YXUT46F0iKu8SGXq0bcwP5dz/h0Plj6enJqjz1Zbq2l5WaqYnrVbwWOWMyF3F47g==}
    engines: {node: '>=0.10.0'}
    dev: false

  /streamsearch/1.1.0:
    resolution: {integrity: sha512-Mcc5wHehp9aXz1ax6bZUyY5afg9u2rv5cqQI3mRrYkGC8rW2hM02jWuwjtL++LS5qinSyhj2QfLyNsuc+VsExg==}
    engines: {node: '>=10.0.0'}
    dev: false

  /tr46/0.0.3:
    resolution: {integrity: sha512-N3WMsuqV66lT30CrXNbEjx4GEwlow3v6rr4mCcv6prnfwhS01rkgyFdjPNBYd9br7LpXV1+Emh01fHnq2Gdgrw==}
    dev: false

  /tslib/2.4.0:
    resolution: {integrity: sha512-d6xOpEDfsi2CZVlPQzGeux8XMwLT9hssAsaPYExaQMuYskwb+x1x7J371tWlbBdWHroy99KnVB6qIkUbs5X3UQ==}
    dev: false

  /tslib/2.4.1:
    resolution: {integrity: sha512-tGyy4dAjRIEwI7BzsB0lynWgOpfqjUdq91XXAlIWD2OwKBH7oCl/GZG/HT4BOHrTlPMOASlMQ7veyTqpmRcrNA==}
    dev: false

  /tsx/3.12.1:
    resolution: {integrity: sha512-Rcg1x+rNe7qwlP8j7kx4VjP/pJo/V57k+17hlrn6a7FuQLNwkaw5W4JF75tYornNVCxkXdSUnqlIT8JY/ttvIw==}
    hasBin: true
    dependencies:
      '@esbuild-kit/cjs-loader': 2.4.1
      '@esbuild-kit/core-utils': 3.0.0
      '@esbuild-kit/esm-loader': 2.5.4
    optionalDependencies:
      fsevents: 2.3.2
    dev: false

  /undici/5.13.0:
    resolution: {integrity: sha512-UDZKtwb2k7KRsK4SdXWG7ErXiL7yTGgLWvk2AXO1JMjgjh404nFo6tWSCM2xMpJwMPx3J8i/vfqEh1zOqvj82Q==}
    engines: {node: '>=12.18'}
    dependencies:
      busboy: 1.6.0
    dev: false

  /value-or-promise/1.0.11:
    resolution: {integrity: sha512-41BrgH+dIbCFXClcSapVs5M6GkENd3gQOJpEfPDNa71LsUGMXDL0jMWpI/Rh7WhX+Aalfz2TTS3Zt5pUsbnhLg==}
    engines: {node: '>=12'}
    dev: false

  /web-streams-polyfill/3.2.1:
    resolution: {integrity: sha512-e0MO3wdXWKrLbL0DgGnUV7WHVuw9OUvL4hjgnPkIeEvESk74gAITi5G606JtZPp39cd8HA9VQzCIvA49LpPN5Q==}
    engines: {node: '>= 8'}
    dev: false

  /web-streams-polyfill/4.0.0-beta.3:
    resolution: {integrity: sha512-QW95TCTaHmsYfHDybGMwO5IJIM93I/6vTRk+daHTWFPhwh+C8Cg7j7XyKrwrj8Ib6vYXe0ocYNrmzY4xAAN6ug==}
    engines: {node: '>= 14'}
    dev: false

  /webcrypto-core/1.7.5:
    resolution: {integrity: sha512-gaExY2/3EHQlRNNNVSrbG2Cg94Rutl7fAaKILS1w8ZDhGxdFOaw6EbCfHIxPy9vt/xwp5o0VQAx9aySPF6hU1A==}
    dependencies:
      '@peculiar/asn1-schema': 2.3.3
      '@peculiar/json-schema': 1.1.12
      asn1js: 3.0.5
      pvtsutils: 1.3.2
      tslib: 2.4.1
    dev: false

  /webidl-conversions/3.0.1:
    resolution: {integrity: sha512-2JAn3z8AR6rjK8Sm8orRC0h/bcl/DqL7tRPdGZ4I1CjdF+EaMLmYxBHyXuKL849eucPFhvBoxMsflfOb8kxaeQ==}
    dev: false

  /whatwg-url/5.0.0:
    resolution: {integrity: sha512-saE57nupxk6v3HY35+jzBwYa0rKSy0XR8JSxZPwgLr7ys0IBzhGviA1/TUGJLmSVqs8pb9AnvICXEuOHLprYTw==}
    dependencies:
      tr46: 0.0.3
      webidl-conversions: 3.0.1
    dev: false

  /yallist/4.0.0:
    resolution: {integrity: sha512-3wdGidZyq5PB084XLES5TpOSRA3wjXAlIWMhum2kRcv/41Sn2emQ0dycQW4uZXLejwKvg6EsvbdlVL+FYEct7A==}
    dev: false
